{
  "version": 4,
  "terraform_version": "1.9.4",
  "serial": 237,
  "lineage": "ab608745-e878-fe54-3154-aa9578f6b873",
  "outputs": {
    "api_ip": {
      "value": "172.18.0.2",
      "type": "string"
    },
    "nginx_ip": {
      "value": "172.18.0.4",
      "type": "string"
    },
    "web_ip": {
      "value": "172.18.0.3",
      "type": "string"
    }
  },
  "resources": [
    {
      "mode": "managed",
      "type": "docker_container",
      "name": "api",
      "provider": "provider[\"registry.terraform.io/kreuzwerker/docker\"]",
      "instances": [
        {
          "schema_version": 2,
          "attributes": {
            "attach": false,
            "bridge": "",
            "capabilities": [],
            "command": [],
            "container_logs": null,
            "cpu_set": "",
            "cpu_shares": 0,
            "destroy_grace_seconds": null,
            "devices": [],
            "dns": null,
            "dns_opts": null,
            "dns_search": null,
            "domainname": "",
            "entrypoint": [
              "nohup",
              "node",
              "index.js",
              "\u0026"
            ],
            "env": [
              "NODE_PORT=3000"
            ],
            "exit_code": null,
            "gateway": "172.18.0.1",
            "group_add": null,
            "healthcheck": null,
            "host": [],
            "hostname": "31ab7b4e7325",
            "id": "31ab7b4e7325e0d3a4a9120e3a8b09bc248bdf97f9528a3eb92a2a93ca342952",
            "image": "sha256:1ab2066afad21dc639ad9eb09781fadea50108d03c8edf727e48ae8ca4164651",
            "init": false,
            "ip_address": "172.18.0.2",
            "ip_prefix_length": 16,
            "ipc_mode": "private",
            "labels": [],
            "links": null,
            "log_driver": "json-file",
            "log_opts": null,
            "logs": false,
            "max_retry_count": 0,
            "memory": 0,
            "memory_swap": 0,
            "mounts": [],
            "must_run": true,
            "name": "24uzr-api",
            "network_alias": null,
            "network_data": [
              {
                "gateway": "172.18.0.1",
                "global_ipv6_address": "",
                "global_ipv6_prefix_length": 0,
                "ip_address": "172.18.0.2",
                "ip_prefix_length": 16,
                "ipv6_gateway": "",
                "network_name": "24uzr-backplane"
              }
            ],
            "network_mode": "bridge",
            "networks": null,
            "networks_advanced": [
              {
                "aliases": [
                  "backplane"
                ],
                "ipv4_address": "",
                "ipv6_address": "",
                "name": "24uzr-backplane"
              }
            ],
            "pid_mode": "",
            "ports": [
              {
                "external": 3200,
                "internal": 3000,
                "ip": "0.0.0.0",
                "protocol": "tcp"
              }
            ],
            "privileged": false,
            "publish_all_ports": true,
            "read_only": false,
            "remove_volumes": true,
            "restart": "always",
            "rm": false,
            "security_opts": [],
            "shm_size": 64,
            "start": true,
            "stdin_open": false,
            "storage_opts": null,
            "sysctls": null,
            "tmpfs": null,
            "tty": false,
            "ulimit": [],
            "upload": [],
            "user": "node",
            "userns_mode": "",
            "volumes": [],
            "working_dir": "/app"
          },
          "sensitive_attributes": [],
          "private": "eyJzY2hlbWFfdmVyc2lvbiI6IjIifQ==",
          "dependencies": [
            "docker_image.node",
            "docker_network.backplane"
          ]
        }
      ]
    },
    {
      "mode": "managed",
      "type": "docker_container",
      "name": "nginx",
      "provider": "provider[\"registry.terraform.io/kreuzwerker/docker\"]",
      "instances": [
        {
          "schema_version": 2,
          "attributes": {
            "attach": false,
            "bridge": "",
            "capabilities": [],
            "command": [
              "nginx",
              "-g",
              "daemon off;"
            ],
            "container_logs": null,
            "cpu_set": "",
            "cpu_shares": 0,
            "destroy_grace_seconds": null,
            "devices": [],
            "dns": null,
            "dns_opts": null,
            "dns_search": null,
            "domainname": "",
            "entrypoint": [
              "/docker-entrypoint.sh"
            ],
            "env": [],
            "exit_code": null,
            "gateway": "172.18.0.1",
            "group_add": null,
            "healthcheck": null,
            "host": [],
            "hostname": "453c98022a22",
            "id": "453c98022a2247432363005c04ce9355e43cdc5934ebd8b86e1cc5961a5c6003",
            "image": "sha256:a9dfdba8b719078c5705fdecd6f8315765cc79e473111aa9451551ddc340b2bc",
            "init": false,
            "ip_address": "172.18.0.4",
            "ip_prefix_length": 16,
            "ipc_mode": "private",
            "labels": [],
            "links": null,
            "log_driver": "json-file",
            "log_opts": null,
            "logs": false,
            "max_retry_count": 0,
            "memory": 0,
            "memory_swap": 0,
            "mounts": [],
            "must_run": true,
            "name": "nginx",
            "network_alias": null,
            "network_data": [
              {
                "gateway": "172.18.0.1",
                "global_ipv6_address": "",
                "global_ipv6_prefix_length": 0,
                "ip_address": "172.18.0.4",
                "ip_prefix_length": 16,
                "ipv6_gateway": "",
                "network_name": "24uzr-backplane"
              }
            ],
            "network_mode": "bridge",
            "networks": null,
            "networks_advanced": [
              {
                "aliases": [
                  "backplane"
                ],
                "ipv4_address": "",
                "ipv6_address": "",
                "name": "24uzr-backplane"
              }
            ],
            "pid_mode": "",
            "ports": [
              {
                "external": 8080,
                "internal": 8080,
                "ip": "0.0.0.0",
                "protocol": "tcp"
              }
            ],
            "privileged": false,
            "publish_all_ports": false,
            "read_only": false,
            "remove_volumes": true,
            "restart": "always",
            "rm": false,
            "security_opts": [],
            "shm_size": 64,
            "start": true,
            "stdin_open": false,
            "storage_opts": null,
            "sysctls": null,
            "tmpfs": null,
            "tty": false,
            "ulimit": [],
            "upload": [
              {
                "content": "events {\n  worker_connections  1024;\n}\n\nhttp {\n\tupstream api {\n\t    server 172.18.0.2:3000;\n\t}\n\tupstream web {\n\t    server 172.18.0.3:3000;\n\t}\n\n\tserver {\n        listen 8080;\n        listen [::]:8080 ipv6only=on;\n\n\t    location / {\n\t        proxy_pass http://web;\n\t    }\n\t    location /api {\n\t        proxy_pass http://api;\n\t    }\n\t}\n}\n",
                "content_base64": "",
                "executable": false,
                "file": "/etc/nginx/nginx.conf",
                "source": "",
                "source_hash": ""
              }
            ],
            "user": "",
            "userns_mode": "",
            "volumes": [],
            "working_dir": ""
          },
          "sensitive_attributes": [],
          "private": "eyJzY2hlbWFfdmVyc2lvbiI6IjIifQ==",
          "dependencies": [
            "docker_container.api",
            "docker_image.nginx",
            "docker_image.node",
            "docker_network.backplane"
          ]
        }
      ]
    },
    {
      "mode": "managed",
      "type": "docker_container",
      "name": "web",
      "provider": "provider[\"registry.terraform.io/kreuzwerker/docker\"]",
      "instances": [
        {
          "schema_version": 2,
          "attributes": {
            "attach": false,
            "bridge": "",
            "capabilities": [],
            "command": [
              "/bin/sh",
              "-c",
              "HOSTNAME=\"0.0.0.0\" node server.js"
            ],
            "container_logs": null,
            "cpu_set": "",
            "cpu_shares": 0,
            "destroy_grace_seconds": null,
            "devices": [],
            "dns": null,
            "dns_opts": null,
            "dns_search": null,
            "domainname": "",
            "entrypoint": [
              "docker-entrypoint.sh"
            ],
            "env": [],
            "exit_code": null,
            "gateway": "172.18.0.1",
            "group_add": null,
            "healthcheck": null,
            "host": [],
            "hostname": "e735fa7d419a",
            "id": "e735fa7d419aa79cbaed4f8b9c195f232ba848e6853f06e2fd372a9b6289e85a",
            "image": "sha256:07d0175b56ebaae77091795a629994157a7ba65458415254f1b46f16ca705625",
            "init": false,
            "ip_address": "172.18.0.3",
            "ip_prefix_length": 16,
            "ipc_mode": "private",
            "labels": [],
            "links": null,
            "log_driver": "json-file",
            "log_opts": null,
            "logs": false,
            "max_retry_count": 0,
            "memory": 0,
            "memory_swap": 0,
            "mounts": [],
            "must_run": true,
            "name": "24uzr-web",
            "network_alias": null,
            "network_data": [
              {
                "gateway": "172.18.0.1",
                "global_ipv6_address": "",
                "global_ipv6_prefix_length": 0,
                "ip_address": "172.18.0.3",
                "ip_prefix_length": 16,
                "ipv6_gateway": "",
                "network_name": "24uzr-backplane"
              }
            ],
            "network_mode": "bridge",
            "networks": null,
            "networks_advanced": [
              {
                "aliases": [
                  "backplane"
                ],
                "ipv4_address": "",
                "ipv6_address": "",
                "name": "24uzr-backplane"
              }
            ],
            "pid_mode": "",
            "ports": [
              {
                "external": 3100,
                "internal": 3000,
                "ip": "0.0.0.0",
                "protocol": "tcp"
              }
            ],
            "privileged": false,
            "publish_all_ports": false,
            "read_only": false,
            "remove_volumes": true,
            "restart": "always",
            "rm": false,
            "security_opts": [],
            "shm_size": 64,
            "start": true,
            "stdin_open": false,
            "storage_opts": null,
            "sysctls": null,
            "tmpfs": null,
            "tty": false,
            "ulimit": [],
            "upload": [],
            "user": "nextjs",
            "userns_mode": "",
            "volumes": [],
            "working_dir": "/app"
          },
          "sensitive_attributes": [],
          "private": "eyJzY2hlbWFfdmVyc2lvbiI6IjIifQ==",
          "dependencies": [
            "docker_image.nextjs",
            "docker_network.backplane"
          ]
        }
      ]
    },
    {
      "mode": "managed",
      "type": "docker_image",
      "name": "nextjs",
      "provider": "provider[\"registry.terraform.io/kreuzwerker/docker\"]",
      "instances": [
        {
          "schema_version": 0,
          "attributes": {
            "build": [
              {
                "build_arg": {},
                "dockerfile": "Dockerfile",
                "force_remove": false,
                "label": {},
                "no_cache": false,
                "path": "../web/",
                "remove": true,
                "tag": [],
                "target": ""
              }
            ],
            "force_remove": true,
            "id": "sha256:07d0175b56ebaae77091795a629994157a7ba65458415254f1b46f16ca70562524uzr-nextjs",
            "keep_locally": null,
            "latest": "sha256:07d0175b56ebaae77091795a629994157a7ba65458415254f1b46f16ca705625",
            "name": "24uzr-nextjs",
            "output": null,
            "pull_trigger": null,
            "pull_triggers": null,
            "repo_digest": ""
          },
          "sensitive_attributes": [],
          "private": "bnVsbA=="
        }
      ]
    },
    {
      "mode": "managed",
      "type": "docker_image",
      "name": "nginx",
      "provider": "provider[\"registry.terraform.io/kreuzwerker/docker\"]",
      "instances": [
        {
          "schema_version": 0,
          "attributes": {
            "build": [],
            "force_remove": null,
            "id": "sha256:a9dfdba8b719078c5705fdecd6f8315765cc79e473111aa9451551ddc340b2bcnginx:latest",
            "keep_locally": null,
            "latest": "sha256:a9dfdba8b719078c5705fdecd6f8315765cc79e473111aa9451551ddc340b2bc",
            "name": "nginx:latest",
            "output": null,
            "pull_trigger": null,
            "pull_triggers": null,
            "repo_digest": "nginx@sha256:447a8665cc1dab95b1ca778e162215839ccbb9189104c79d7ec3a81e14577add"
          },
          "sensitive_attributes": [],
          "private": "bnVsbA=="
        }
      ]
    },
    {
      "mode": "managed",
      "type": "docker_image",
      "name": "node",
      "provider": "provider[\"registry.terraform.io/kreuzwerker/docker\"]",
      "instances": [
        {
          "schema_version": 0,
          "attributes": {
            "build": [
              {
                "build_arg": {},
                "dockerfile": "Dockerfile",
                "force_remove": false,
                "label": {},
                "no_cache": false,
                "path": "../app/",
                "remove": true,
                "tag": [],
                "target": ""
              }
            ],
            "force_remove": true,
            "id": "sha256:1ab2066afad21dc639ad9eb09781fadea50108d03c8edf727e48ae8ca416465124uzr-node",
            "keep_locally": null,
            "latest": "sha256:1ab2066afad21dc639ad9eb09781fadea50108d03c8edf727e48ae8ca4164651",
            "name": "24uzr-node",
            "output": null,
            "pull_trigger": null,
            "pull_triggers": null,
            "repo_digest": ""
          },
          "sensitive_attributes": [],
          "private": "bnVsbA=="
        }
      ]
    },
    {
      "mode": "managed",
      "type": "docker_network",
      "name": "backplane",
      "provider": "provider[\"registry.terraform.io/kreuzwerker/docker\"]",
      "instances": [
        {
          "schema_version": 1,
          "attributes": {
            "attachable": false,
            "check_duplicate": null,
            "driver": "bridge",
            "id": "8f819ea0a15f75d1c472bc278abd266065ad63a07b2112e3521737d90b67fef1",
            "ingress": false,
            "internal": false,
            "ipam_config": [
              {
                "aux_address": {},
                "gateway": "172.18.0.1",
                "ip_range": "",
                "subnet": "172.18.0.0/16"
              }
            ],
            "ipam_driver": "default",
            "ipv6": false,
            "labels": [],
            "name": "24uzr-backplane",
            "options": {},
            "scope": "local"
          },
          "sensitive_attributes": [],
          "private": "eyJzY2hlbWFfdmVyc2lvbiI6IjEifQ=="
        }
      ]
    }
  ],
  "check_results": null
}
